{
    "version": 4,
    "terraform_version": "1.5.3",
    "serial": 6,
    "lineage": "44a38d68-9770-26c0-ffd2-7febf9a46155",
    "outputs": {
      "kubernetes_cluster_host": {
        "value": "10.13.0.2",
        "type": "string"
      },
      "kubernetes_cluster_name": {
        "value": "gke-monks",
        "type": "string"
      }
    },
    "resources": [
      {
        "mode": "data",
        "type": "google_client_config",
        "name": "current",
        "provider": "provider[\"registry.terraform.io/hashicorp/google\"]",
        "instances": [
          {
            "schema_version": 0,
            "attributes": {
              "access_token": "ya29.c.b0Aaekm1JlWTwwDB2Xn4zcIS6LrzJWF9m86huvaE98s1UoTzeNrP_6PCidrU4Q2APBZ0Rf9JPMgGIPUgIlLUtIDATUx6e88RGjSiEl6zzXr5dsC5uBqzvxzYqTBp8SEhaNcghddGsi1KgmonS92leK-92Z27-p4DjOmkatQas2IFAcyy5bMyGV0FpSUqSWO6fb4bCgxz3vBNKlCofDAspKith2XsreVLU0z7doDQRptTUU-KXi1_z4_e513OBlzMH28QwE1pqdBCnlP1ZXOKU6U6Hs5TNrrIPwrs-mdGEdHy8-44JV142i05hrEO2KLxcc7B_HtaEYqw9gWjmI2w4MTrHLVGLnPaonDDT3dFj9VAprqalm_OOltwDWWULZgu9jhJUuNxIudDboeUDrv7a4hrFqvTuvy3_cn-Yfi1hwEqJHVqhrh4tBBIgUIj_CSAokVrfbxEWPALjm3tYlgB0IKBfeCVYmG-Q84NVaQOAiB5n4uHKLo2YSqXGN5eP_rWglWfHJkeBaWIVYK8_jw9WD8Zqs-mcTz2sIRmNjP7lVeSg9yqPERqo6DkHK4o-vuJ4G8gtQDAfvTjOnvNVxV-dCASnWBmOqWdCo_cR1muxXicpYCHQWaY_z-R1_W_E2IRrHACEmDRm5PlrxjQBrTDY90SxDql0fcvJR-i4QHqINAzEG692Po6B-fg3xWskanyfIM_Mhh-Jh_x36m2gIBQorBvf4lo43dqvJzb07Qu8wVXFyhqy6sd4hzqmM3B9O37XittRimdlwh8Yzmnm19ZkzZSxoMplju-XbnJgn2OYuthJl842Wy6hZojjz0WSMw3jca7-fQxo57b25S8Oo7S_xq25g4kl2UgpOO1Zpemr5VddoUtZ78FjIU6s15pO45XV94Ose4JV-iBbhnijyMymQYrZqw8mwlQYnRdxJMiQowV22__x-cFX45eeZdXY2n6aa0S1kwllX9lv3_lzW_mx3X9X4yvjs7l6UkFWp7O7e0mdQ1S5MfX9jVFR",
              "id": "projects/\"project-monks\"/regions/\"us-central1\"/zones/\u003cnull\u003e",
              "project": "project-monks",
              "region": "us-central1",
              "zone": null
            },
            "sensitive_attributes": []
          }
        ]
      },
      {
        "mode": "data",
        "type": "template_file",
        "name": "run_script",
        "provider": "provider[\"registry.terraform.io/hashicorp/template\"]",
        "instances": [
          {
            "schema_version": 0,
            "attributes": {
              "filename": null,
              "id": "f6166a4de0084b181423b656f03dd312e7dfbc1c21ac7615305f895967a99d8f",
              "rendered": "sudo apt-get update -y;\r\nsudo curl -LO \"https://dl.k8s.io/release/$(curl -L -s https://dl.k8s.io/release/stable.txt)/bin/linux/amd64/kubectl\";\r\nsudo mv kubectl /usr/bin/; sudo chmod 755 /usr/bin/kubectl; sudo chmod +x /usr/bin/kubectl;\r\nsudo apt-get install google-cloud-sdk-gke-gcloud-auth-plugin -y;\r\nsudo apt-get install git-all -y;\r\n",
              "template": "sudo apt-get update -y;\r\nsudo curl -LO \"https://dl.k8s.io/release/$(curl -L -s https://dl.k8s.io/release/stable.txt)/bin/linux/amd64/kubectl\";\r\nsudo mv kubectl /usr/bin/; sudo chmod 755 /usr/bin/kubectl; sudo chmod +x /usr/bin/kubectl;\r\nsudo apt-get install google-cloud-sdk-gke-gcloud-auth-plugin -y;\r\nsudo apt-get install git-all -y;\r\n",
              "vars": null
            },
            "sensitive_attributes": []
          }
        ]
      },
      {
        "mode": "managed",
        "type": "google_compute_address",
        "name": "ip_addr_internal",
        "provider": "provider[\"registry.terraform.io/hashicorp/google\"]",
        "instances": [
          {
            "schema_version": 0,
            "attributes": {
              "address": "10.10.0.7",
              "address_type": "INTERNAL",
              "creation_timestamp": "2023-07-19T13:23:10.541-07:00",
              "description": "IP Definido ponte.",
              "id": "projects/project-monks/regions/us-central1/addresses/maquina-interna",
              "name": "maquina-interna",
              "network": "",
              "network_tier": "PREMIUM",
              "prefix_length": 0,
              "project": "project-monks",
              "purpose": "GCE_ENDPOINT",
              "region": "us-central1",
              "self_link": "https://www.googleapis.com/compute/v1/projects/project-monks/regions/us-central1/addresses/maquina-interna",
              "subnetwork": "https://www.googleapis.com/compute/v1/projects/project-monks/regions/us-central1/subnetworks/subnet1",
              "timeouts": null,
              "users": []
            },
            "sensitive_attributes": [],
            "private": "eyJlMmJmYjczMC1lY2FhLTExZTYtOGY4OC0zNDM2M2JjN2M0YzAiOnsiY3JlYXRlIjoxMjAwMDAwMDAwMDAwLCJkZWxldGUiOjEyMDAwMDAwMDAwMDB9fQ==",
            "dependencies": [
              "google_compute_network.vpc",
              "google_compute_subnetwork.subnet"
            ]
          }
        ]
      },
      {
        "mode": "managed",
        "type": "google_compute_firewall",
        "name": "rules",
        "provider": "provider[\"registry.terraform.io/hashicorp/google\"]",
        "instances": [
          {
            "schema_version": 1,
            "attributes": {
              "allow": [
                {
                  "ports": [
                    "22"
                  ],
                  "protocol": "tcp"
                }
              ],
              "creation_timestamp": "2023-07-19T13:22:58.993-07:00",
              "deny": [],
              "description": "",
              "destination_ranges": [],
              "direction": "INGRESS",
              "disabled": false,
              "enable_logging": null,
              "id": "projects/project-monks/global/firewalls/ssh-maquina",
              "log_config": [],
              "name": "ssh-maquina",
              "network": "https://www.googleapis.com/compute/v1/projects/project-monks/global/networks/main-monks",
              "priority": 1000,
              "project": "project-monks",
              "self_link": "https://www.googleapis.com/compute/v1/projects/project-monks/global/firewalls/ssh-maquina",
              "source_ranges": [
                "35.235.240.0/20"
              ],
              "source_service_accounts": null,
              "source_tags": null,
              "target_service_accounts": null,
              "target_tags": null,
              "timeouts": null
            },
            "sensitive_attributes": [],
            "private": "eyJlMmJmYjczMC1lY2FhLTExZTYtOGY4OC0zNDM2M2JjN2M0YzAiOnsiY3JlYXRlIjoxMjAwMDAwMDAwMDAwLCJkZWxldGUiOjEyMDAwMDAwMDAwMDAsInVwZGF0ZSI6MTIwMDAwMDAwMDAwMH0sInNjaGVtYV92ZXJzaW9uIjoiMSJ9",
            "dependencies": [
              "google_compute_network.vpc"
            ]
          }
        ]
      },
      {
        "mode": "managed",
        "type": "google_compute_instance",
        "name": "default",
        "provider": "provider[\"registry.terraform.io/hashicorp/google\"]",
        "instances": [
          {
            "schema_version": 6,
            "attributes": {
              "advanced_machine_features": [],
              "allow_stopping_for_update": null,
              "attached_disk": [],
              "boot_disk": [
                {
                  "auto_delete": true,
                  "device_name": "persistent-disk-0",
                  "disk_encryption_key_raw": "",
                  "disk_encryption_key_sha256": "",
                  "initialize_params": [
                    {
                      "image": "https://www.googleapis.com/compute/v1/projects/debian-cloud/global/images/debian-11-bullseye-v20230711",
                      "labels": {},
                      "resource_manager_tags": null,
                      "size": 10,
                      "type": "pd-standard"
                    }
                  ],
                  "kms_key_self_link": "",
                  "mode": "READ_WRITE",
                  "source": "https://www.googleapis.com/compute/v1/projects/project-monks/zones/us-central1-a/disks/maquina-interna"
                }
              ],
              "can_ip_forward": false,
              "confidential_instance_config": [],
              "cpu_platform": "Intel Broadwell",
              "current_status": "RUNNING",
              "deletion_protection": false,
              "description": "",
              "desired_status": null,
              "enable_display": false,
              "guest_accelerator": [],
              "hostname": "",
              "id": "projects/project-monks/zones/us-central1-a/instances/maquina-interna",
              "instance_id": "5860113631585630380",
              "label_fingerprint": "42WmSpB8rSM=",
              "labels": null,
              "machine_type": "e2-small",
              "metadata": null,
              "metadata_fingerprint": "KZzmpNt8lA4=",
              "metadata_startup_script": "sudo apt-get update -y;\r\nsudo curl -LO \"https://dl.k8s.io/release/$(curl -L -s https://dl.k8s.io/release/stable.txt)/bin/linux/amd64/kubectl\";\r\nsudo mv kubectl /usr/bin/; sudo chmod 755 /usr/bin/kubectl; sudo chmod +x /usr/bin/kubectl;\r\nsudo apt-get install google-cloud-sdk-gke-gcloud-auth-plugin -y;\r\nsudo apt-get install git-all -y;\r\n",
              "min_cpu_platform": "",
              "name": "maquina-interna",
              "network_interface": [
                {
                  "access_config": [],
                  "alias_ip_range": [],
                  "ipv6_access_config": [],
                  "ipv6_access_type": "",
                  "name": "nic0",
                  "network": "https://www.googleapis.com/compute/v1/projects/project-monks/global/networks/main-monks",
                  "network_ip": "10.10.0.7",
                  "nic_type": "",
                  "queue_count": 0,
                  "stack_type": "IPV4_ONLY",
                  "subnetwork": "https://www.googleapis.com/compute/v1/projects/project-monks/regions/us-central1/subnetworks/subnet1",
                  "subnetwork_project": "project-monks"
                }
              ],
              "network_performance_config": [],
              "params": [],
              "project": "project-monks",
              "reservation_affinity": [],
              "resource_policies": null,
              "scheduling": [
                {
                  "automatic_restart": true,
                  "instance_termination_action": "",
                  "min_node_cpus": 0,
                  "node_affinities": [],
                  "on_host_maintenance": "MIGRATE",
                  "preemptible": false,
                  "provisioning_model": "STANDARD"
                }
              ],
              "scratch_disk": [],
              "self_link": "https://www.googleapis.com/compute/v1/projects/project-monks/zones/us-central1-a/instances/maquina-interna",
              "service_account": [],
              "shielded_instance_config": [
                {
                  "enable_integrity_monitoring": true,
                  "enable_secure_boot": false,
                  "enable_vtpm": true
                }
              ],
              "tags": null,
              "tags_fingerprint": "42WmSpB8rSM=",
              "timeouts": null,
              "zone": "us-central1-a"
            },
            "sensitive_attributes": [],
            "private": "eyJlMmJmYjczMC1lY2FhLTExZTYtOGY4OC0zNDM2M2JjN2M0YzAiOnsiY3JlYXRlIjoxMjAwMDAwMDAwMDAwLCJkZWxldGUiOjEyMDAwMDAwMDAwMDAsInVwZGF0ZSI6MTIwMDAwMDAwMDAwMH0sInNjaGVtYV92ZXJzaW9uIjoiNiJ9",
            "dependencies": [
              "data.template_file.run_script",
              "google_compute_address.ip_addr_internal",
              "google_compute_network.vpc",
              "google_compute_subnetwork.subnet"
            ]
          }
        ]
      },
      {
        "mode": "managed",
        "type": "google_compute_network",
        "name": "vpc",
        "provider": "provider[\"registry.terraform.io/hashicorp/google\"]",
        "instances": [
          {
            "schema_version": 0,
            "attributes": {
              "auto_create_subnetworks": false,
              "delete_default_routes_on_create": false,
              "description": "",
              "enable_ula_internal_ipv6": false,
              "gateway_ipv4": "",
              "id": "projects/project-monks/global/networks/main-monks",
              "internal_ipv6_range": "",
              "mtu": 0,
              "name": "main-monks",
              "network_firewall_policy_enforcement_order": "AFTER_CLASSIC_FIREWALL",
              "project": "project-monks",
              "routing_mode": "REGIONAL",
              "self_link": "https://www.googleapis.com/compute/v1/projects/project-monks/global/networks/main-monks",
              "timeouts": null
            },
            "sensitive_attributes": [],
            "private": "eyJlMmJmYjczMC1lY2FhLTExZTYtOGY4OC0zNDM2M2JjN2M0YzAiOnsiY3JlYXRlIjoxMjAwMDAwMDAwMDAwLCJkZWxldGUiOjEyMDAwMDAwMDAwMDAsInVwZGF0ZSI6MTIwMDAwMDAwMDAwMH19"
          }
        ]
      },
      {
        "mode": "managed",
        "type": "google_compute_router",
        "name": "router",
        "provider": "provider[\"registry.terraform.io/hashicorp/google\"]",
        "instances": [
          {
            "schema_version": 0,
            "attributes": {
              "bgp": [],
              "creation_timestamp": "2023-07-19T13:22:59.361-07:00",
              "description": "",
              "encrypted_interconnect_router": false,
              "id": "projects/project-monks/regions/us-central1/routers/nat-router",
              "name": "nat-router",
              "network": "https://www.googleapis.com/compute/v1/projects/project-monks/global/networks/main-monks",
              "project": "project-monks",
              "region": "us-central1",
              "self_link": "https://www.googleapis.com/compute/v1/projects/project-monks/regions/us-central1/routers/nat-router",
              "timeouts": null
            },
            "sensitive_attributes": [],
            "private": "eyJlMmJmYjczMC1lY2FhLTExZTYtOGY4OC0zNDM2M2JjN2M0YzAiOnsiY3JlYXRlIjoxMjAwMDAwMDAwMDAwLCJkZWxldGUiOjEyMDAwMDAwMDAwMDAsInVwZGF0ZSI6MTIwMDAwMDAwMDAwMH19",
            "dependencies": [
              "google_compute_network.vpc"
            ]
          }
        ]
      },
      {
        "mode": "managed",
        "type": "google_compute_subnetwork",
        "name": "subnet",
        "provider": "provider[\"registry.terraform.io/hashicorp/google\"]",
        "instances": [
          {
            "schema_version": 0,
            "attributes": {
              "creation_timestamp": "2023-07-19T13:22:59.214-07:00",
              "description": "",
              "external_ipv6_prefix": "",
              "fingerprint": null,
              "gateway_address": "10.10.0.1",
              "id": "projects/project-monks/regions/us-central1/subnetworks/subnet1",
              "ip_cidr_range": "10.10.0.0/16",
              "ipv6_access_type": "",
              "ipv6_cidr_range": "",
              "log_config": [],
              "name": "subnet1",
              "network": "https://www.googleapis.com/compute/v1/projects/project-monks/global/networks/main-monks",
              "private_ip_google_access": false,
              "private_ipv6_google_access": "DISABLE_GOOGLE_ACCESS",
              "project": "project-monks",
              "purpose": "PRIVATE",
              "region": "us-central1",
              "role": "",
              "secondary_ip_range": [],
              "self_link": "https://www.googleapis.com/compute/v1/projects/project-monks/regions/us-central1/subnetworks/subnet1",
              "stack_type": "IPV4_ONLY",
              "timeouts": null
            },
            "sensitive_attributes": [],
            "private": "eyJlMmJmYjczMC1lY2FhLTExZTYtOGY4OC0zNDM2M2JjN2M0YzAiOnsiY3JlYXRlIjoxMjAwMDAwMDAwMDAwLCJkZWxldGUiOjEyMDAwMDAwMDAwMDAsInVwZGF0ZSI6MTIwMDAwMDAwMDAwMH19",
            "dependencies": [
              "google_compute_network.vpc"
            ]
          }
        ]
      },
      {
        "mode": "managed",
        "type": "google_container_cluster",
        "name": "primary",
        "provider": "provider[\"registry.terraform.io/hashicorp/google\"]",
        "instances": [
          {
            "schema_version": 1,
            "attributes": {
              "addons_config": [
                {
                  "cloudrun_config": [],
                  "config_connector_config": [],
                  "dns_cache_config": [],
                  "gce_persistent_disk_csi_driver_config": [
                    {
                      "enabled": true
                    }
                  ],
                  "gcp_filestore_csi_driver_config": [],
                  "gke_backup_agent_config": [],
                  "horizontal_pod_autoscaling": [],
                  "http_load_balancing": [],
                  "network_policy_config": [
                    {
                      "disabled": true
                    }
                  ]
                }
              ],
              "authenticator_groups_config": [],
              "binary_authorization": [
                {
                  "enabled": false,
                  "evaluation_mode": ""
                }
              ],
              "cluster_autoscaling": [
                {
                  "auto_provisioning_defaults": [],
                  "enabled": false,
                  "resource_limits": []
                }
              ],
              "cluster_ipv4_cidr": "10.11.0.0/21",
              "confidential_nodes": [],
              "cost_management_config": [],
              "database_encryption": [
                {
                  "key_name": "",
                  "state": "DECRYPTED"
                }
              ],
              "datapath_provider": "",
              "default_max_pods_per_node": 110,
              "default_snat_status": [
                {
                  "disabled": false
                }
              ],
              "description": "",
              "dns_config": [],
              "enable_autopilot": false,
              "enable_binary_authorization": false,
              "enable_intranode_visibility": false,
              "enable_kubernetes_alpha": false,
              "enable_l4_ilb_subsetting": false,
              "enable_legacy_abac": false,
              "enable_shielded_nodes": true,
              "enable_tpu": false,
              "endpoint": "10.13.0.2",
              "gateway_api_config": [],
              "id": "projects/project-monks/locations/us-central1-a/clusters/gke-monks",
              "initial_node_count": 1,
              "ip_allocation_policy": [
                {
                  "cluster_ipv4_cidr_block": "10.11.0.0/21",
                  "cluster_secondary_range_name": "gke-gke-monks-pods-2a450396",
                  "pod_cidr_overprovision_config": [
                    {
                      "disabled": false
                    }
                  ],
                  "services_ipv4_cidr_block": "10.12.0.0/21",
                  "services_secondary_range_name": "gke-gke-monks-services-2a450396",
                  "stack_type": "IPV4"
                }
              ],
              "label_fingerprint": "a9dc16a7",
              "location": "us-central1-a",
              "logging_config": [
                {
                  "enable_components": [
                    "SYSTEM_COMPONENTS",
                    "WORKLOADS"
                  ]
                }
              ],
              "logging_service": "logging.googleapis.com/kubernetes",
              "maintenance_policy": [],
              "master_auth": [
                {
                  "client_certificate": "",
                  "client_certificate_config": [
                    {
                      "issue_client_certificate": false
                    }
                  ],
                  "client_key": "",
                  "cluster_ca_certificate": "LS0tLS1CRUdJTiBDRVJUSUZJQ0FURS0tLS0tCk1JSUVMVENDQXBXZ0F3SUJBZ0lSQU52SGpWTS9JdUpJb0YxSzdmNElyVTB3RFFZSktvWklodmNOQVFFTEJRQXcKTHpFdE1Dc0dBMVVFQXhNa09XRmtPVEl6TlRVdFltUTJNUzAwTWpOa0xUbGhObUV0WVRGaE1qVmhaamsyWlRGawpNQ0FYRFRJek1EY3hPVEU1TWpNeE1Gb1lEekl3TlRNd056RXhNakF5TXpFd1dqQXZNUzB3S3dZRFZRUURFeVE1CllXUTVNak0xTlMxaVpEWXhMVFF5TTJRdE9XRTJZUzFoTVdFeU5XRm1PVFpsTVdRd2dnR2lNQTBHQ1NxR1NJYjMKRFFFQkFRVUFBNElCandBd2dnR0tBb0lCZ1FDdVptQmxRb3hONU85SG9CbGJjYkhvOWg5V3B0T3lkQ2IzQmJCVgpXQXRwd2QwdlVmQ050WXpiWVhINWJHQko5VXJad0d1YVh5YXRaNE4yeFJjNWVnWXpKUTQyeFRqZ2hkOVQyaU9zCmdmM1dTd21rOS96Z2NNZ041VGhtaHNDaXpkVHZkTmtINnRCaFRvVUQrNGRGb2V4eTB3SmY5TFlJQWlQWWh6aUgKb3dwUDZic0VJYmZVRTlCYW1jTHdKNHBTQjBKTFFoaGozL2R1dXpLM05WMVlROWZtc28wK2Y0d1dieExCdkdvUwpKU24yTTJsVXhoL1k1LzBYaUFLMW5TQXlzTk85QUZaNG9JVWZuclNFSHZ4SkdTSi9tRkFMbUtsWmRwWGVGNXN1CkpldjhsYmJvKytZSnhkMkR0TUJGQmpveUVEamVYUFlVMktYU0YxTk5nSXY0RXdHS2NkWGtwRFZVb1NmUGppdWwKTkdSMTVzVXM2elY5QktjdUMwRTlqZmdLd2xSUWVGUnY1NS9FVDZuZmRCMkZEM1NLaE9XNmVTOWdPTTd4eHFaYgpWUkNhUHJ1Ry9XZGFRNE53bFBRNEtSVVhaZzVMemI5eENRdjdHNmovR1lIUjM2WnQ0eHZCb3prTSt6aEpoTlBkClUxY0k3WU52bjBjc3ZMZnVURjBWQUlyZG51TUNBd0VBQWFOQ01FQXdEZ1lEVlIwUEFRSC9CQVFEQWdJRU1BOEcKQTFVZEV3RUIvd1FGTUFNQkFmOHdIUVlEVlIwT0JCWUVGQlpUQ0hrd251SHZReFpHUmszaUhPVUxVTERUTUEwRwpDU3FHU0liM0RRRUJDd1VBQTRJQmdRQmtWYzZJVEt3aTNSZnlXSkVMaDVldzRyTWZRRDFUdDI5N3Z4ZXpmWUF5CmY0NEV6TldWY3RUTFB3c0RRR1R1bE5Ra2N6L3h1OWV6UEhpcU9nRWlZN2xMWkRkTGQxSE1xQzhBZUlnejJZT28KTXROWjJBSTJXdjNyMDMxb3d6N09PZUhzNVhudS9pK1BvYUc5MUVJbUxGdkVvdU01SlNacnNqUldsaWVKaEx6NwpFYk8xV29oRTJBRzdLVzZYMUZzT2Z3WUdVQm1VK29EdG9lRmZCQnVxMTZDQzJnZ1kzc1FGL0JpSm04OTNsZHQ1CnVhNFprTC8yeVpoanZ5c1pGMG5jamE2RTZOOWV1MTVlSGx0SmY3Q2J1b2ZNQ1dxcWdid0ZveVhGVFoyRkp2M08KVmluVDFaY3dZc0N5Z2gxWVVYVVArSnZKU3VrYVpkazZYL2ZUUmRtdW0yL1lJOEtSdWxlQnMwSXM2My9sYUFZRwpFZWRYQ2l3YS9vSkwyaTN6c1dQYWVtdzBUM3NoOXRrOE5Da3pxOGs1Y1pjVzlZN2YvV05LUW5sdmh1am5CRHU5CmpKVEZYSXVyWnVEMHRKQzIxa2hOUVBXMEIvcGVFbEpBSTZHYzd2Z2kxa3hEblBtaTZQNWRKWVE0VXRwemFsQ0YKZm1NQ2FESG54OFlZSjZTcWxuRzBObm89Ci0tLS0tRU5EIENFUlRJRklDQVRFLS0tLS0K"
                }
              ],
              "master_authorized_networks_config": [
                {
                  "cidr_blocks": [
                    {
                      "cidr_block": "10.10.0.7/32",
                      "display_name": "net1"
                    }
                  ],
                  "gcp_public_cidrs_access_enabled": false
                }
              ],
              "master_version": "1.26.5-gke.1200",
              "mesh_certificates": [],
              "min_master_version": null,
              "monitoring_config": [
                {
                  "enable_components": [
                    "SYSTEM_COMPONENTS"
                  ],
                  "managed_prometheus": []
                }
              ],
              "monitoring_service": "monitoring.googleapis.com/kubernetes",
              "name": "gke-monks",
              "network": "projects/project-monks/global/networks/main-monks",
              "network_policy": [
                {
                  "enabled": false,
                  "provider": "PROVIDER_UNSPECIFIED"
                }
              ],
              "networking_mode": "VPC_NATIVE",
              "node_config": [],
              "node_locations": [],
              "node_pool": [],
              "node_pool_defaults": [
                {
                  "node_config_defaults": [
                    {
                      "logging_variant": "DEFAULT"
                    }
                  ]
                }
              ],
              "node_version": "1.26.5-gke.1200",
              "notification_config": [
                {
                  "pubsub": [
                    {
                      "enabled": false,
                      "filter": [],
                      "topic": ""
                    }
                  ]
                }
              ],
              "operation": null,
              "private_cluster_config": [
                {
                  "enable_private_endpoint": true,
                  "enable_private_nodes": true,
                  "master_global_access_config": [
                    {
                      "enabled": false
                    }
                  ],
                  "master_ipv4_cidr_block": "10.13.0.0/28",
                  "peering_name": "gke-ncf3015f525607ed8a3d-7b70-8422-peer",
                  "private_endpoint": "10.13.0.2",
                  "private_endpoint_subnetwork": "",
                  "public_endpoint": "34.171.129.190"
                }
              ],
              "private_ipv6_google_access": "",
              "project": "project-monks",
              "release_channel": [
                {
                  "channel": "REGULAR"
                }
              ],
              "remove_default_node_pool": true,
              "resource_labels": null,
              "resource_usage_export_config": [],
              "security_posture_config": [
                {
                  "mode": "MODE_UNSPECIFIED",
                  "vulnerability_mode": "VULNERABILITY_MODE_UNSPECIFIED"
                }
              ],
              "self_link": "https://container.googleapis.com/v1/projects/project-monks/zones/us-central1-a/clusters/gke-monks",
              "service_external_ips_config": [
                {
                  "enabled": false
                }
              ],
              "services_ipv4_cidr": "10.12.0.0/21",
              "subnetwork": "projects/project-monks/regions/us-central1/subnetworks/subnet1",
              "timeouts": null,
              "tpu_ipv4_cidr_block": "",
              "vertical_pod_autoscaling": [],
              "workload_identity_config": []
            },
            "sensitive_attributes": [],
            "private": "eyJlMmJmYjczMC1lY2FhLTExZTYtOGY4OC0zNDM2M2JjN2M0YzAiOnsiY3JlYXRlIjoyNDAwMDAwMDAwMDAwLCJkZWxldGUiOjI0MDAwMDAwMDAwMDAsInJlYWQiOjI0MDAwMDAwMDAwMDAsInVwZGF0ZSI6MzYwMDAwMDAwMDAwMH0sInNjaGVtYV92ZXJzaW9uIjoiMSJ9",
            "dependencies": [
              "google_compute_network.vpc",
              "google_compute_subnetwork.subnet"
            ]
          }
        ]
      },
      {
        "mode": "managed",
        "type": "google_container_node_pool",
        "name": "primary_nodes",
        "provider": "provider[\"registry.terraform.io/hashicorp/google\"]",
        "instances": [
          {
            "schema_version": 1,
            "attributes": {
              "autoscaling": [],
              "cluster": "gke-monks",
              "id": "projects/project-monks/locations/us-central1-a/clusters/gke-monks/nodePools/gke-monks",
              "initial_node_count": 2,
              "instance_group_urls": [
                "https://www.googleapis.com/compute/v1/projects/project-monks/zones/us-central1-a/instanceGroupManagers/gke-gke-monks-gke-monks-52867157-grp"
              ],
              "location": "us-central1-a",
              "managed_instance_group_urls": [
                "https://www.googleapis.com/compute/v1/projects/project-monks/zones/us-central1-a/instanceGroups/gke-gke-monks-gke-monks-52867157-grp"
              ],
              "management": [
                {
                  "auto_repair": true,
                  "auto_upgrade": true
                }
              ],
              "max_pods_per_node": 110,
              "name": "gke-monks",
              "name_prefix": "",
              "network_config": [
                {
                  "create_pod_range": false,
                  "enable_private_nodes": false,
                  "pod_cidr_overprovision_config": [],
                  "pod_ipv4_cidr_block": "10.11.0.0/21",
                  "pod_range": "gke-gke-monks-pods-2a450396"
                }
              ],
              "node_config": [
                {
                  "advanced_machine_features": [],
                  "boot_disk_kms_key": "",
                  "disk_size_gb": 100,
                  "disk_type": "pd-balanced",
                  "ephemeral_storage_local_ssd_config": [],
                  "gcfs_config": [],
                  "guest_accelerator": [],
                  "gvnic": [],
                  "image_type": "COS_CONTAINERD",
                  "kubelet_config": [],
                  "labels": {
                    "env": "dev"
                  },
                  "linux_node_config": [],
                  "local_nvme_ssd_block_config": [],
                  "local_ssd_count": 0,
                  "logging_variant": "DEFAULT",
                  "machine_type": "e2-medium",
                  "metadata": {
                    "disable-legacy-endpoints": "true"
                  },
                  "min_cpu_platform": "",
                  "node_group": "",
                  "oauth_scopes": [
                    "https://www.googleapis.com/auth/logging.write",
                    "https://www.googleapis.com/auth/monitoring"
                  ],
                  "preemptible": true,
                  "reservation_affinity": [],
                  "resource_labels": null,
                  "service_account": "default",
                  "shielded_instance_config": [
                    {
                      "enable_integrity_monitoring": true,
                      "enable_secure_boot": false
                    }
                  ],
                  "sole_tenant_config": [],
                  "spot": false,
                  "tags": null,
                  "taint": [],
                  "workload_metadata_config": []
                }
              ],
              "node_count": 2,
              "node_locations": [
                "us-central1-a"
              ],
              "operation": null,
              "placement_policy": [],
              "project": "project-monks",
              "timeouts": null,
              "upgrade_settings": [
                {
                  "blue_green_settings": [],
                  "max_surge": 1,
                  "max_unavailable": 0,
                  "strategy": "SURGE"
                }
              ],
              "version": "1.26.5-gke.1200"
            },
            "sensitive_attributes": [],
            "private": "eyJlMmJmYjczMC1lY2FhLTExZTYtOGY4OC0zNDM2M2JjN2M0YzAiOnsiY3JlYXRlIjoxODAwMDAwMDAwMDAwLCJkZWxldGUiOjE4MDAwMDAwMDAwMDAsInVwZGF0ZSI6MTgwMDAwMDAwMDAwMH0sInNjaGVtYV92ZXJzaW9uIjoiMSJ9",
            "dependencies": [
              "google_compute_network.vpc",
              "google_compute_subnetwork.subnet",
              "google_container_cluster.primary"
            ]
          }
        ]
      },
      {
        "mode": "managed",
        "type": "google_project_service",
        "name": "compute",
        "provider": "provider[\"registry.terraform.io/hashicorp/google\"]",
        "instances": [
          {
            "schema_version": 0,
            "attributes": {
              "disable_dependent_services": null,
              "disable_on_destroy": true,
              "id": "project-monks/compute.googleapis.com",
              "project": "project-monks",
              "service": "compute.googleapis.com",
              "timeouts": null
            },
            "sensitive_attributes": [],
            "private": "eyJlMmJmYjczMC1lY2FhLTExZTYtOGY4OC0zNDM2M2JjN2M0YzAiOnsiY3JlYXRlIjoxMjAwMDAwMDAwMDAwLCJkZWxldGUiOjEyMDAwMDAwMDAwMDAsInJlYWQiOjYwMDAwMDAwMDAwMCwidXBkYXRlIjoxMjAwMDAwMDAwMDAwfX0="
          }
        ]
      },
      {
        "mode": "managed",
        "type": "google_project_service",
        "name": "container",
        "provider": "provider[\"registry.terraform.io/hashicorp/google\"]",
        "instances": [
          {
            "schema_version": 0,
            "attributes": {
              "disable_dependent_services": null,
              "disable_on_destroy": true,
              "id": "project-monks/container.googleapis.com",
              "project": "project-monks",
              "service": "container.googleapis.com",
              "timeouts": null
            },
            "sensitive_attributes": [],
            "private": "eyJlMmJmYjczMC1lY2FhLTExZTYtOGY4OC0zNDM2M2JjN2M0YzAiOnsiY3JlYXRlIjoxMjAwMDAwMDAwMDAwLCJkZWxldGUiOjEyMDAwMDAwMDAwMDAsInJlYWQiOjYwMDAwMDAwMDAwMCwidXBkYXRlIjoxMjAwMDAwMDAwMDAwfX0="
          }
        ]
      },
      {
        "module": "module.cloud-nat",
        "mode": "managed",
        "type": "google_compute_router",
        "name": "router",
        "provider": "provider[\"registry.terraform.io/hashicorp/google\"]",
        "instances": []
      },
      {
        "module": "module.cloud-nat",
        "mode": "managed",
        "type": "google_compute_router_nat",
        "name": "main",
        "provider": "provider[\"registry.terraform.io/hashicorp/google\"]",
        "instances": [
          {
            "schema_version": 0,
            "attributes": {
              "drain_nat_ips": null,
              "enable_dynamic_port_allocation": false,
              "enable_endpoint_independent_mapping": true,
              "icmp_idle_timeout_sec": 30,
              "id": "project-monks/us-central1/nat-router/nat-config",
              "log_config": [],
              "max_ports_per_vm": 0,
              "min_ports_per_vm": 64,
              "name": "nat-config",
              "nat_ip_allocate_option": "AUTO_ONLY",
              "nat_ips": null,
              "project": "project-monks",
              "region": "us-central1",
              "router": "nat-router",
              "rules": [],
              "source_subnetwork_ip_ranges_to_nat": "ALL_SUBNETWORKS_ALL_IP_RANGES",
              "subnetwork": [],
              "tcp_established_idle_timeout_sec": 1200,
              "tcp_time_wait_timeout_sec": 120,
              "tcp_transitory_idle_timeout_sec": 30,
              "timeouts": null,
              "udp_idle_timeout_sec": 30
            },
            "sensitive_attributes": [],
            "private": "eyJlMmJmYjczMC1lY2FhLTExZTYtOGY4OC0zNDM2M2JjN2M0YzAiOnsiY3JlYXRlIjoxMjAwMDAwMDAwMDAwLCJkZWxldGUiOjEyMDAwMDAwMDAwMDAsInVwZGF0ZSI6MTIwMDAwMDAwMDAwMH19",
            "dependencies": [
              "google_compute_network.vpc",
              "google_compute_router.router",
              "module.cloud-nat.google_compute_router.router",
              "module.cloud-nat.random_string.name_suffix"
            ]
          }
        ]
      },
      {
        "module": "module.cloud-nat",
        "mode": "managed",
        "type": "random_string",
        "name": "name_suffix",
        "provider": "provider[\"registry.terraform.io/hashicorp/random\"]",
        "instances": [
          {
            "schema_version": 2,
            "attributes": {
              "id": "umx9n8",
              "keepers": null,
              "length": 6,
              "lower": true,
              "min_lower": 0,
              "min_numeric": 0,
              "min_special": 0,
              "min_upper": 0,
              "number": true,
              "numeric": true,
              "override_special": null,
              "result": "umx9n8",
              "special": false,
              "upper": false
            },
            "sensitive_attributes": []
          }
        ]
      },
      {
        "module": "module.ingress-nginx",
        "mode": "data",
        "type": "kubernetes_service",
        "name": "nginx_ingress_controller",
        "provider": "provider[\"registry.terraform.io/hashicorp/kubernetes\"]",
        "instances": []
      },
      {
        "module": "module.ingress-nginx",
        "mode": "managed",
        "type": "helm_release",
        "name": "nginx_ingress",
        "provider": "provider[\"registry.terraform.io/hashicorp/helm\"]",
        "instances": []
      }
    ],
    "check_results": null
  }