{
  "version": 4,
  "terraform_version": "1.5.3",
  "serial": 18,
  "lineage": "082ff3d2-5704-5abf-f9a7-90f2a52acd44",
  "outputs": {
    "kubernetes_cluster_host": {
      "value": "10.13.0.2",
      "type": "string"
    },
    "kubernetes_cluster_name": {
      "value": "gke-monks",
      "type": "string"
    }
  },
  "resources": [
    {
      "mode": "data",
      "type": "google_client_config",
      "name": "current",
      "provider": "provider[\"registry.terraform.io/hashicorp/google\"]",
      "instances": [
        {
          "schema_version": 0,
          "attributes": {
            "access_token": "ya29.c.b0Aaekm1KTt-nmWsxtvgyF9Kz_a7s_7Hn66ITPf8HlXoeYkbHOkEUdbbuxyU5Vz5qdr0ZID6vqDLtkENFIQB5bB-AzwBaR18Fz4myJl2PuY3yNXL07MvKXVChfHmGc7qk1sKpr-Vn7kiTs2AFMoGuG7HlauyJB4t-qmOGY-rO3dGoKX2mvHl1A1CNMgxX5P-aDe82Z_lpVhG9ICXjAAb9rfZoQ_jlAV1BFkaPQN4UXOxujl09lxf-xphbIkT4vc43L04zQyQqAp4yq3skQjj4SOcwPnjiWSrcDVZIXqJ2NCjlArdUbFw0EfPKmCxLRqmjjQLUYkkY10QE339CcnFm86-uWI8dQfWp96ifMqQ-xu77-xap_M36joXY6sUX18s1SS_9nj_7xnr-Qww0933iiF_fVaawph6i5ynuMQVwckjemvM08Rykyp39Il2V1g1SmpjkfQ_q_f3Yl98V23f9Bnmlmu0FXMj0vbem2umOo2WZQkyk9VjWvWf_fMkBewqVdxMelpt-_VZ-20Vt9ntcJXM_Ffg4xZzFFk540h7zg-xBtWd9JkFygteh5Bg_3wOtIv3hptQu46VjIFwUnBaZonMRydhhqkZO1ZhQ8qpsu-fmZ11wbhYcOzXbUj_qbhkjvk37tXeZnnnSrqoqong_6gySSgB9zrkpWym_y1WlBdr8beO0qeaw-2Y_bu605QZ3aFd06YxyfgWOa0suVi352kkfdBqOf8Ype6VkXif4twIX317ag59X6BfW01XMMYm9fyle8QrweagUMWxxFs76djaaB3lStnjVsrozd2nxR0SYfjRhQsbIIvbb2fk1h3niQQ8g3dnlIw20-Q8McVwcwwb91OslibUzcRxax2k8Up26SeIfIJsriiqdQaZ38kwzWs6v-x9Ru3hemjnoJ4X3wWXnnlrR4ox0Zteqwk7mQSxzVqy5ccwectodj8I3Mak6bfayeJFUfSJymsIm8jkqug2OmFIk-5_qWalZ4duivJaqli8kOJ_x3dQa",
            "id": "projects/\"project-monks\"/regions/\"us-central1\"/zones/\u003cnull\u003e",
            "project": "project-monks",
            "region": "us-central1",
            "zone": null
          },
          "sensitive_attributes": []
        }
      ]
    },
    {
      "mode": "data",
      "type": "template_file",
      "name": "startup_script",
      "provider": "provider[\"registry.terraform.io/hashicorp/template\"]",
      "instances": [
        {
          "schema_version": 0,
          "attributes": {
            "filename": null,
            "id": "785792c91018e5c7a62c0c2eba73e8f7a38b5e84c87468f12ed7401c2539e83c",
            "rendered": "sudo apt-get update -y\r\ncurl -LO \"https://dl.k8s.io/release/$(curl -L -s https://dl.k8s.io/release/stable.txt)/bin/linux/amd64/kubectl\"\r\nmv kubectl /usr/bin/; chmod 755 /usr/bin/kubectl; chmod +x /usr/bin/kubectl\r\nsudo apt-get install google-cloud-sdk-gke-gcloud-auth-plugin -y\r\n",
            "template": "sudo apt-get update -y\r\ncurl -LO \"https://dl.k8s.io/release/$(curl -L -s https://dl.k8s.io/release/stable.txt)/bin/linux/amd64/kubectl\"\r\nmv kubectl /usr/bin/; chmod 755 /usr/bin/kubectl; chmod +x /usr/bin/kubectl\r\nsudo apt-get install google-cloud-sdk-gke-gcloud-auth-plugin -y\r\n",
            "vars": null
          },
          "sensitive_attributes": []
        }
      ]
    },
    {
      "mode": "managed",
      "type": "google_compute_address",
      "name": "my_internal_ip_addr",
      "provider": "provider[\"registry.terraform.io/hashicorp/google\"]",
      "instances": [
        {
          "schema_version": 0,
          "attributes": {
            "address": "10.10.0.7",
            "address_type": "INTERNAL",
            "creation_timestamp": "2023-07-18T17:52:39.400-07:00",
            "description": "IP Definido conforme falamos acima na linha 48.",
            "id": "projects/project-monks/regions/us-central1/addresses/maquina-interna",
            "name": "maquina-interna",
            "network": "",
            "network_tier": "PREMIUM",
            "prefix_length": 0,
            "project": "project-monks",
            "purpose": "GCE_ENDPOINT",
            "region": "us-central1",
            "self_link": "https://www.googleapis.com/compute/v1/projects/project-monks/regions/us-central1/addresses/maquina-interna",
            "subnetwork": "https://www.googleapis.com/compute/v1/projects/project-monks/regions/us-central1/subnetworks/subnet1",
            "timeouts": null,
            "users": []
          },
          "sensitive_attributes": [],
          "private": "eyJlMmJmYjczMC1lY2FhLTExZTYtOGY4OC0zNDM2M2JjN2M0YzAiOnsiY3JlYXRlIjoxMjAwMDAwMDAwMDAwLCJkZWxldGUiOjEyMDAwMDAwMDAwMDB9fQ==",
          "dependencies": [
            "google_compute_network.vpc",
            "google_compute_subnetwork.subnet"
          ]
        }
      ]
    },
    {
      "mode": "managed",
      "type": "google_compute_firewall",
      "name": "rules",
      "provider": "provider[\"registry.terraform.io/hashicorp/google\"]",
      "instances": [
        {
          "schema_version": 1,
          "attributes": {
            "allow": [
              {
                "ports": [
                  "22"
                ],
                "protocol": "tcp"
              }
            ],
            "creation_timestamp": "2023-07-18T17:52:23.127-07:00",
            "deny": [],
            "description": "",
            "destination_ranges": [],
            "direction": "INGRESS",
            "disabled": false,
            "enable_logging": null,
            "id": "projects/project-monks/global/firewalls/ssh-maquina",
            "log_config": [],
            "name": "ssh-maquina",
            "network": "https://www.googleapis.com/compute/v1/projects/project-monks/global/networks/main-monks",
            "priority": 1000,
            "project": "project-monks",
            "self_link": "https://www.googleapis.com/compute/v1/projects/project-monks/global/firewalls/ssh-maquina",
            "source_ranges": [
              "35.235.240.0/20"
            ],
            "source_service_accounts": null,
            "source_tags": null,
            "target_service_accounts": null,
            "target_tags": null,
            "timeouts": null
          },
          "sensitive_attributes": [],
          "private": "eyJlMmJmYjczMC1lY2FhLTExZTYtOGY4OC0zNDM2M2JjN2M0YzAiOnsiY3JlYXRlIjoxMjAwMDAwMDAwMDAwLCJkZWxldGUiOjEyMDAwMDAwMDAwMDAsInVwZGF0ZSI6MTIwMDAwMDAwMDAwMH0sInNjaGVtYV92ZXJzaW9uIjoiMSJ9",
          "dependencies": [
            "google_compute_network.vpc"
          ]
        }
      ]
    },
    {
      "mode": "managed",
      "type": "google_compute_instance",
      "name": "default",
      "provider": "provider[\"registry.terraform.io/hashicorp/google\"]",
      "instances": [
        {
          "schema_version": 6,
          "attributes": {
            "advanced_machine_features": [],
            "allow_stopping_for_update": null,
            "attached_disk": [],
            "boot_disk": [
              {
                "auto_delete": true,
                "device_name": "persistent-disk-0",
                "disk_encryption_key_raw": "",
                "disk_encryption_key_sha256": "",
                "initialize_params": [
                  {
                    "image": "https://www.googleapis.com/compute/v1/projects/debian-cloud/global/images/debian-11-bullseye-v20230711",
                    "labels": {},
                    "resource_manager_tags": null,
                    "size": 10,
                    "type": "pd-standard"
                  }
                ],
                "kms_key_self_link": "",
                "mode": "READ_WRITE",
                "source": "https://www.googleapis.com/compute/v1/projects/project-monks/zones/us-central1-a/disks/maquina-interna"
              }
            ],
            "can_ip_forward": false,
            "confidential_instance_config": [],
            "cpu_platform": "Intel Broadwell",
            "current_status": "RUNNING",
            "deletion_protection": false,
            "description": "",
            "desired_status": null,
            "enable_display": false,
            "guest_accelerator": [],
            "hostname": "",
            "id": "projects/project-monks/zones/us-central1-a/instances/maquina-interna",
            "instance_id": "8675079839274405123",
            "label_fingerprint": "42WmSpB8rSM=",
            "labels": null,
            "machine_type": "e2-small",
            "metadata": null,
            "metadata_fingerprint": "PCVdfl6xe0Y=",
            "metadata_startup_script": "sudo apt-get update -y\r\ncurl -LO \"https://dl.k8s.io/release/$(curl -L -s https://dl.k8s.io/release/stable.txt)/bin/linux/amd64/kubectl\"\r\nmv kubectl /usr/bin/; chmod 755 /usr/bin/kubectl; chmod +x /usr/bin/kubectl\r\nsudo apt-get install google-cloud-sdk-gke-gcloud-auth-plugin -y\r\n",
            "min_cpu_platform": "",
            "name": "maquina-interna",
            "network_interface": [
              {
                "access_config": [],
                "alias_ip_range": [],
                "ipv6_access_config": [],
                "ipv6_access_type": "",
                "name": "nic0",
                "network": "https://www.googleapis.com/compute/v1/projects/project-monks/global/networks/main-monks",
                "network_ip": "10.10.0.7",
                "nic_type": "",
                "queue_count": 0,
                "stack_type": "IPV4_ONLY",
                "subnetwork": "https://www.googleapis.com/compute/v1/projects/project-monks/regions/us-central1/subnetworks/subnet1",
                "subnetwork_project": "project-monks"
              }
            ],
            "network_performance_config": [],
            "params": [],
            "project": "project-monks",
            "reservation_affinity": [],
            "resource_policies": null,
            "scheduling": [
              {
                "automatic_restart": true,
                "instance_termination_action": "",
                "min_node_cpus": 0,
                "node_affinities": [],
                "on_host_maintenance": "MIGRATE",
                "preemptible": false,
                "provisioning_model": "STANDARD"
              }
            ],
            "scratch_disk": [],
            "self_link": "https://www.googleapis.com/compute/v1/projects/project-monks/zones/us-central1-a/instances/maquina-interna",
            "service_account": [],
            "shielded_instance_config": [
              {
                "enable_integrity_monitoring": true,
                "enable_secure_boot": false,
                "enable_vtpm": true
              }
            ],
            "tags": null,
            "tags_fingerprint": "42WmSpB8rSM=",
            "timeouts": null,
            "zone": "us-central1-a"
          },
          "sensitive_attributes": [],
          "private": "eyJlMmJmYjczMC1lY2FhLTExZTYtOGY4OC0zNDM2M2JjN2M0YzAiOnsiY3JlYXRlIjoxMjAwMDAwMDAwMDAwLCJkZWxldGUiOjEyMDAwMDAwMDAwMDAsInVwZGF0ZSI6MTIwMDAwMDAwMDAwMH0sInNjaGVtYV92ZXJzaW9uIjoiNiJ9",
          "dependencies": [
            "data.template_file.startup_script",
            "google_compute_address.my_internal_ip_addr",
            "google_compute_network.vpc",
            "google_compute_subnetwork.subnet"
          ]
        }
      ]
    },
    {
      "mode": "managed",
      "type": "google_compute_network",
      "name": "vpc",
      "provider": "provider[\"registry.terraform.io/hashicorp/google\"]",
      "instances": [
        {
          "schema_version": 0,
          "attributes": {
            "auto_create_subnetworks": false,
            "delete_default_routes_on_create": false,
            "description": "",
            "enable_ula_internal_ipv6": false,
            "gateway_ipv4": "",
            "id": "projects/project-monks/global/networks/main-monks",
            "internal_ipv6_range": "",
            "mtu": 0,
            "name": "main-monks",
            "network_firewall_policy_enforcement_order": "AFTER_CLASSIC_FIREWALL",
            "project": "project-monks",
            "routing_mode": "REGIONAL",
            "self_link": "https://www.googleapis.com/compute/v1/projects/project-monks/global/networks/main-monks",
            "timeouts": null
          },
          "sensitive_attributes": [],
          "private": "eyJlMmJmYjczMC1lY2FhLTExZTYtOGY4OC0zNDM2M2JjN2M0YzAiOnsiY3JlYXRlIjoxMjAwMDAwMDAwMDAwLCJkZWxldGUiOjEyMDAwMDAwMDAwMDAsInVwZGF0ZSI6MTIwMDAwMDAwMDAwMH19"
        }
      ]
    },
    {
      "mode": "managed",
      "type": "google_compute_router",
      "name": "router",
      "provider": "provider[\"registry.terraform.io/hashicorp/google\"]",
      "instances": [
        {
          "schema_version": 0,
          "attributes": {
            "bgp": [],
            "creation_timestamp": "2023-07-18T17:52:24.962-07:00",
            "description": "",
            "encrypted_interconnect_router": false,
            "id": "projects/project-monks/regions/us-central1/routers/nat-router",
            "name": "nat-router",
            "network": "https://www.googleapis.com/compute/v1/projects/project-monks/global/networks/main-monks",
            "project": "project-monks",
            "region": "us-central1",
            "self_link": "https://www.googleapis.com/compute/v1/projects/project-monks/regions/us-central1/routers/nat-router",
            "timeouts": null
          },
          "sensitive_attributes": [],
          "private": "eyJlMmJmYjczMC1lY2FhLTExZTYtOGY4OC0zNDM2M2JjN2M0YzAiOnsiY3JlYXRlIjoxMjAwMDAwMDAwMDAwLCJkZWxldGUiOjEyMDAwMDAwMDAwMDAsInVwZGF0ZSI6MTIwMDAwMDAwMDAwMH19",
          "dependencies": [
            "google_compute_network.vpc"
          ]
        }
      ]
    },
    {
      "mode": "managed",
      "type": "google_compute_subnetwork",
      "name": "subnet",
      "provider": "provider[\"registry.terraform.io/hashicorp/google\"]",
      "instances": [
        {
          "schema_version": 0,
          "attributes": {
            "creation_timestamp": "2023-07-18T17:52:25.225-07:00",
            "description": "",
            "external_ipv6_prefix": "",
            "fingerprint": null,
            "gateway_address": "10.10.0.1",
            "id": "projects/project-monks/regions/us-central1/subnetworks/subnet1",
            "ip_cidr_range": "10.10.0.0/16",
            "ipv6_access_type": "",
            "ipv6_cidr_range": "",
            "log_config": [],
            "name": "subnet1",
            "network": "https://www.googleapis.com/compute/v1/projects/project-monks/global/networks/main-monks",
            "private_ip_google_access": false,
            "private_ipv6_google_access": "DISABLE_GOOGLE_ACCESS",
            "project": "project-monks",
            "purpose": "PRIVATE",
            "region": "us-central1",
            "role": "",
            "secondary_ip_range": [],
            "self_link": "https://www.googleapis.com/compute/v1/projects/project-monks/regions/us-central1/subnetworks/subnet1",
            "stack_type": "IPV4_ONLY",
            "timeouts": null
          },
          "sensitive_attributes": [],
          "private": "eyJlMmJmYjczMC1lY2FhLTExZTYtOGY4OC0zNDM2M2JjN2M0YzAiOnsiY3JlYXRlIjoxMjAwMDAwMDAwMDAwLCJkZWxldGUiOjEyMDAwMDAwMDAwMDAsInVwZGF0ZSI6MTIwMDAwMDAwMDAwMH19",
          "dependencies": [
            "google_compute_network.vpc"
          ]
        }
      ]
    },
    {
      "mode": "managed",
      "type": "google_container_cluster",
      "name": "primary",
      "provider": "provider[\"registry.terraform.io/hashicorp/google\"]",
      "instances": [
        {
          "schema_version": 1,
          "attributes": {
            "addons_config": [
              {
                "cloudrun_config": [],
                "config_connector_config": [],
                "dns_cache_config": [],
                "gce_persistent_disk_csi_driver_config": [
                  {
                    "enabled": true
                  }
                ],
                "gcp_filestore_csi_driver_config": [],
                "gke_backup_agent_config": [],
                "horizontal_pod_autoscaling": [],
                "http_load_balancing": [],
                "network_policy_config": [
                  {
                    "disabled": true
                  }
                ]
              }
            ],
            "authenticator_groups_config": [],
            "binary_authorization": [
              {
                "enabled": false,
                "evaluation_mode": ""
              }
            ],
            "cluster_autoscaling": [
              {
                "auto_provisioning_defaults": [],
                "enabled": false,
                "resource_limits": []
              }
            ],
            "cluster_ipv4_cidr": "10.11.0.0/21",
            "confidential_nodes": [],
            "cost_management_config": [],
            "database_encryption": [
              {
                "key_name": "",
                "state": "DECRYPTED"
              }
            ],
            "datapath_provider": "",
            "default_max_pods_per_node": 110,
            "default_snat_status": [
              {
                "disabled": false
              }
            ],
            "description": "",
            "dns_config": [],
            "enable_autopilot": false,
            "enable_binary_authorization": false,
            "enable_intranode_visibility": false,
            "enable_kubernetes_alpha": false,
            "enable_l4_ilb_subsetting": false,
            "enable_legacy_abac": false,
            "enable_shielded_nodes": true,
            "enable_tpu": false,
            "endpoint": "10.13.0.2",
            "gateway_api_config": [],
            "id": "projects/project-monks/locations/us-central1-a/clusters/gke-monks",
            "initial_node_count": 1,
            "ip_allocation_policy": [
              {
                "cluster_ipv4_cidr_block": "10.11.0.0/21",
                "cluster_secondary_range_name": "gke-gke-monks-pods-0ce1df61",
                "pod_cidr_overprovision_config": [
                  {
                    "disabled": false
                  }
                ],
                "services_ipv4_cidr_block": "10.12.0.0/21",
                "services_secondary_range_name": "gke-gke-monks-services-0ce1df61",
                "stack_type": "IPV4"
              }
            ],
            "label_fingerprint": "a9dc16a7",
            "location": "us-central1-a",
            "logging_config": [
              {
                "enable_components": [
                  "SYSTEM_COMPONENTS",
                  "WORKLOADS"
                ]
              }
            ],
            "logging_service": "logging.googleapis.com/kubernetes",
            "maintenance_policy": [],
            "master_auth": [
              {
                "client_certificate": "",
                "client_certificate_config": [
                  {
                    "issue_client_certificate": false
                  }
                ],
                "client_key": "",
                "cluster_ca_certificate": "LS0tLS1CRUdJTiBDRVJUSUZJQ0FURS0tLS0tCk1JSUVMRENDQXBTZ0F3SUJBZ0lRZmJiYy9BNlpJazJoenZOajdoU0ZDVEFOQmdrcWhraUc5dzBCQVFzRkFEQXYKTVMwd0t3WURWUVFERXlRNFl6Y3lORGhtTmkwMFpERmhMVFJpWkRVdFlXUTFNaTB6TkdObU0yUXlPV1psT1RRdwpJQmNOTWpNd056RTRNak0xTWpNNVdoZ1BNakExTXpBM01URXdNRFV5TXpsYU1DOHhMVEFyQmdOVkJBTVRKRGhqCk56STBPR1kyTFRSa01XRXROR0prTlMxaFpEVXlMVE0wWTJZelpESTVabVU1TkRDQ0FhSXdEUVlKS29aSWh2Y04KQVFFQkJRQURnZ0dQQURDQ0FZb0NnZ0dCQUsyTVY4MVB1eEpnZURUc3l5dDZ6NEdPTlF6NzF4K055U1pMRG9YYQpudkZJWEJHbWJqdzNVU2tORzZFYnU1QUxwNmRBb2ZxWVdPczJaZWR2S3BXbHp6NTZreVFqZytUMVl3bEhXN0ZPCkFVeUNEOE82OGpvRjd0OXByRjVBR1MxcFR2T1Y3MnhGQ2ViWGtnSXUrOG5rVlE4dE1XQit1dkQwU1lKT0dzdkUKMDhJRXpwdUdwN2ZISjNnN2FzcG44eDR5Z2QxV3hBTkdvK05McndiWmFRaDhlaFZhcXFPbWRjMjIrWTUraUpaVQp5cXFzQlhPVjVQaFlJYjRjeW9VS1BWR25kZXRaeUJ6M1dpMmhOaUlVbnR3T09FM0p5SXhrKzlmRExjZjBsQlJ0CkJaTEV6Q3ZiSXVBcGNFOFdXbGkxWllaSUc0djd1QnhnY0pVdFF6UVVTOHBiWGZSTjVMVGNGM1c3R1cxRndGVk8KTUxXZ0I0Qk5pT0dLclVOUzNFNmJnU2xJUC94Z2NpRjNhTkVpdWdJQnowZlZ5QWs4YVdKU0l3azcwZmNnbHNkbgpuVkRZTzV0dlJiZWtaQUxMa0ZGR3VqNjBSb3BpVkZYUmlSamh5QzV1Z2VoekpkbkZyVVFkNllnd0oyRmo3c2NoCkpEZ0RONDF3MXc1cFlVZTFhRkpoMlBoNnN3SURBUUFCbzBJd1FEQU9CZ05WSFE4QkFmOEVCQU1DQWdRd0R3WUQKVlIwVEFRSC9CQVV3QXdFQi96QWRCZ05WSFE0RUZnUVVZOVV5UkQ1anIyVHJyTnM5TGlvRmNiVVljT0V3RFFZSgpLb1pJaHZjTkFRRUxCUUFEZ2dHQkFCZXpmeDdoZnM0TFFJL2tCTGF3MXBHU2REQkVpVU9XS2dTblhnbm9EOVQ4CnhKL1JOTnA1WmdHWFFkQzR6QXFNSFRqeFptelJ1WE9xclFhRzJBQ0dJWE41RjVhMXNyeThKNjk0YTlueHZyTmYKZFVxNVlmbWtocWhSL0h1blVxYTlPY1NENXdtbDFKeDNFbUVocG5CL1pyb2VvbE9aVHQwQVNkV0Q0S0x5d09icQpmakpNNGpBTFloT3pqd3JtT0FsMXl6bkUzVzVPSHoreURRZHZxMENsTjlZK2lMZ2FkeFZ4UHJyMkRPMFFhTzZhClROWmI5aFZKdEMrNFlXVUtWbE1zOVloMWJaL3U1YkxDTHNTVnJhOHo5em4wb1pMc1cyYmNpNEpINUpoZUhzSlgKSTdHSThhK0ZId3REdG45VU1hM0JSSE54NFBmN0I5cy9VWWVoV3M1b1g3WFdVUTA1ZHFZbnU0Qmwyb08vRnVSSApFc2FHY09BNXhWVmEvMUZ4OCt4aXp6ZXoycHRvdkJuQWU4eDVnbHBTTGsxK3Z1dVJpc3ZzUGN5NVordnFPa0hWCkRySGU3a3AxeStnQkttbGlpdktvK0NCUjBnMDA3dmtNamhNZzlSR1poZFF3emMxdTFtVEllQTlmVUhacGh0RTgKbXord0pDQUpReHJyaW5tTkhNamhqZz09Ci0tLS0tRU5EIENFUlRJRklDQVRFLS0tLS0K"
              }
            ],
            "master_authorized_networks_config": [
              {
                "cidr_blocks": [
                  {
                    "cidr_block": "10.10.0.7/32",
                    "display_name": "net1"
                  }
                ],
                "gcp_public_cidrs_access_enabled": false
              }
            ],
            "master_version": "1.26.5-gke.1200",
            "mesh_certificates": [],
            "min_master_version": null,
            "monitoring_config": [
              {
                "enable_components": [
                  "SYSTEM_COMPONENTS"
                ],
                "managed_prometheus": []
              }
            ],
            "monitoring_service": "monitoring.googleapis.com/kubernetes",
            "name": "gke-monks",
            "network": "projects/project-monks/global/networks/main-monks",
            "network_policy": [
              {
                "enabled": false,
                "provider": "PROVIDER_UNSPECIFIED"
              }
            ],
            "networking_mode": "VPC_NATIVE",
            "node_config": [],
            "node_locations": [],
            "node_pool": [],
            "node_pool_defaults": [
              {
                "node_config_defaults": [
                  {
                    "logging_variant": "DEFAULT"
                  }
                ]
              }
            ],
            "node_version": "1.26.5-gke.1200",
            "notification_config": [
              {
                "pubsub": [
                  {
                    "enabled": false,
                    "filter": [],
                    "topic": ""
                  }
                ]
              }
            ],
            "operation": null,
            "private_cluster_config": [
              {
                "enable_private_endpoint": true,
                "enable_private_nodes": true,
                "master_global_access_config": [
                  {
                    "enabled": false
                  }
                ],
                "master_ipv4_cidr_block": "10.13.0.0/28",
                "peering_name": "gke-ncf3015f525607ed8a3d-4a19-e8a0-peer",
                "private_endpoint": "10.13.0.2",
                "private_endpoint_subnetwork": "",
                "public_endpoint": "34.170.58.10"
              }
            ],
            "private_ipv6_google_access": "",
            "project": "project-monks",
            "release_channel": [
              {
                "channel": "REGULAR"
              }
            ],
            "remove_default_node_pool": true,
            "resource_labels": null,
            "resource_usage_export_config": [],
            "security_posture_config": [
              {
                "mode": "MODE_UNSPECIFIED",
                "vulnerability_mode": "VULNERABILITY_MODE_UNSPECIFIED"
              }
            ],
            "self_link": "https://container.googleapis.com/v1/projects/project-monks/zones/us-central1-a/clusters/gke-monks",
            "service_external_ips_config": [
              {
                "enabled": false
              }
            ],
            "services_ipv4_cidr": "10.12.0.0/21",
            "subnetwork": "projects/project-monks/regions/us-central1/subnetworks/subnet1",
            "timeouts": null,
            "tpu_ipv4_cidr_block": "",
            "vertical_pod_autoscaling": [],
            "workload_identity_config": []
          },
          "sensitive_attributes": [],
          "private": "eyJlMmJmYjczMC1lY2FhLTExZTYtOGY4OC0zNDM2M2JjN2M0YzAiOnsiY3JlYXRlIjoyNDAwMDAwMDAwMDAwLCJkZWxldGUiOjI0MDAwMDAwMDAwMDAsInJlYWQiOjI0MDAwMDAwMDAwMDAsInVwZGF0ZSI6MzYwMDAwMDAwMDAwMH0sInNjaGVtYV92ZXJzaW9uIjoiMSJ9",
          "dependencies": [
            "google_compute_network.vpc",
            "google_compute_subnetwork.subnet"
          ]
        }
      ]
    },
    {
      "mode": "managed",
      "type": "google_container_node_pool",
      "name": "primary_nodes",
      "provider": "provider[\"registry.terraform.io/hashicorp/google\"]",
      "instances": [
        {
          "schema_version": 1,
          "attributes": {
            "autoscaling": [],
            "cluster": "gke-monks",
            "id": "projects/project-monks/locations/us-central1-a/clusters/gke-monks/nodePools/gke-monks",
            "initial_node_count": 2,
            "instance_group_urls": [
              "https://www.googleapis.com/compute/v1/projects/project-monks/zones/us-central1-a/instanceGroupManagers/gke-gke-monks-gke-monks-496620ba-grp"
            ],
            "location": "us-central1-a",
            "managed_instance_group_urls": [
              "https://www.googleapis.com/compute/v1/projects/project-monks/zones/us-central1-a/instanceGroups/gke-gke-monks-gke-monks-496620ba-grp"
            ],
            "management": [
              {
                "auto_repair": true,
                "auto_upgrade": true
              }
            ],
            "max_pods_per_node": 110,
            "name": "gke-monks",
            "name_prefix": "",
            "network_config": [
              {
                "create_pod_range": false,
                "enable_private_nodes": false,
                "pod_cidr_overprovision_config": [],
                "pod_ipv4_cidr_block": "10.11.0.0/21",
                "pod_range": "gke-gke-monks-pods-0ce1df61"
              }
            ],
            "node_config": [
              {
                "advanced_machine_features": [],
                "boot_disk_kms_key": "",
                "disk_size_gb": 100,
                "disk_type": "pd-balanced",
                "ephemeral_storage_local_ssd_config": [],
                "gcfs_config": [],
                "guest_accelerator": [],
                "gvnic": [],
                "image_type": "COS_CONTAINERD",
                "kubelet_config": [],
                "labels": {
                  "env": "dev"
                },
                "linux_node_config": [],
                "local_nvme_ssd_block_config": [],
                "local_ssd_count": 0,
                "logging_variant": "DEFAULT",
                "machine_type": "e2-medium",
                "metadata": {
                  "disable-legacy-endpoints": "true"
                },
                "min_cpu_platform": "",
                "node_group": "",
                "oauth_scopes": [
                  "https://www.googleapis.com/auth/logging.write",
                  "https://www.googleapis.com/auth/monitoring"
                ],
                "preemptible": true,
                "reservation_affinity": [],
                "resource_labels": null,
                "service_account": "default",
                "shielded_instance_config": [
                  {
                    "enable_integrity_monitoring": true,
                    "enable_secure_boot": false
                  }
                ],
                "sole_tenant_config": [],
                "spot": false,
                "tags": null,
                "taint": [],
                "workload_metadata_config": []
              }
            ],
            "node_count": 2,
            "node_locations": [
              "us-central1-a"
            ],
            "operation": null,
            "placement_policy": [],
            "project": "project-monks",
            "timeouts": null,
            "upgrade_settings": [
              {
                "blue_green_settings": [],
                "max_surge": 1,
                "max_unavailable": 0,
                "strategy": "SURGE"
              }
            ],
            "version": "1.26.5-gke.1200"
          },
          "sensitive_attributes": [],
          "private": "eyJlMmJmYjczMC1lY2FhLTExZTYtOGY4OC0zNDM2M2JjN2M0YzAiOnsiY3JlYXRlIjoxODAwMDAwMDAwMDAwLCJkZWxldGUiOjE4MDAwMDAwMDAwMDAsInVwZGF0ZSI6MTgwMDAwMDAwMDAwMH0sInNjaGVtYV92ZXJzaW9uIjoiMSJ9",
          "dependencies": [
            "google_compute_network.vpc",
            "google_compute_subnetwork.subnet",
            "google_container_cluster.primary"
          ]
        }
      ]
    },
    {
      "mode": "managed",
      "type": "google_project_service",
      "name": "compute",
      "provider": "provider[\"registry.terraform.io/hashicorp/google\"]",
      "instances": [
        {
          "schema_version": 0,
          "attributes": {
            "disable_dependent_services": null,
            "disable_on_destroy": true,
            "id": "project-monks/compute.googleapis.com",
            "project": "project-monks",
            "service": "compute.googleapis.com",
            "timeouts": null
          },
          "sensitive_attributes": [],
          "private": "eyJlMmJmYjczMC1lY2FhLTExZTYtOGY4OC0zNDM2M2JjN2M0YzAiOnsiY3JlYXRlIjoxMjAwMDAwMDAwMDAwLCJkZWxldGUiOjEyMDAwMDAwMDAwMDAsInJlYWQiOjYwMDAwMDAwMDAwMCwidXBkYXRlIjoxMjAwMDAwMDAwMDAwfX0="
        }
      ]
    },
    {
      "mode": "managed",
      "type": "google_project_service",
      "name": "container",
      "provider": "provider[\"registry.terraform.io/hashicorp/google\"]",
      "instances": [
        {
          "schema_version": 0,
          "attributes": {
            "disable_dependent_services": null,
            "disable_on_destroy": true,
            "id": "project-monks/container.googleapis.com",
            "project": "project-monks",
            "service": "container.googleapis.com",
            "timeouts": null
          },
          "sensitive_attributes": [],
          "private": "eyJlMmJmYjczMC1lY2FhLTExZTYtOGY4OC0zNDM2M2JjN2M0YzAiOnsiY3JlYXRlIjoxMjAwMDAwMDAwMDAwLCJkZWxldGUiOjEyMDAwMDAwMDAwMDAsInJlYWQiOjYwMDAwMDAwMDAwMCwidXBkYXRlIjoxMjAwMDAwMDAwMDAwfX0="
        }
      ]
    },
    {
      "module": "module.cloud-nat",
      "mode": "managed",
      "type": "google_compute_router",
      "name": "router",
      "provider": "provider[\"registry.terraform.io/hashicorp/google\"]",
      "instances": []
    },
    {
      "module": "module.cloud-nat",
      "mode": "managed",
      "type": "google_compute_router_nat",
      "name": "main",
      "provider": "provider[\"registry.terraform.io/hashicorp/google\"]",
      "instances": [
        {
          "schema_version": 0,
          "attributes": {
            "drain_nat_ips": null,
            "enable_dynamic_port_allocation": false,
            "enable_endpoint_independent_mapping": true,
            "icmp_idle_timeout_sec": 30,
            "id": "project-monks/us-central1/nat-router/nat-config",
            "log_config": [],
            "max_ports_per_vm": 0,
            "min_ports_per_vm": 64,
            "name": "nat-config",
            "nat_ip_allocate_option": "AUTO_ONLY",
            "nat_ips": null,
            "project": "project-monks",
            "region": "us-central1",
            "router": "nat-router",
            "rules": [],
            "source_subnetwork_ip_ranges_to_nat": "ALL_SUBNETWORKS_ALL_IP_RANGES",
            "subnetwork": [],
            "tcp_established_idle_timeout_sec": 1200,
            "tcp_time_wait_timeout_sec": 120,
            "tcp_transitory_idle_timeout_sec": 30,
            "timeouts": null,
            "udp_idle_timeout_sec": 30
          },
          "sensitive_attributes": [],
          "private": "eyJlMmJmYjczMC1lY2FhLTExZTYtOGY4OC0zNDM2M2JjN2M0YzAiOnsiY3JlYXRlIjoxMjAwMDAwMDAwMDAwLCJkZWxldGUiOjEyMDAwMDAwMDAwMDAsInVwZGF0ZSI6MTIwMDAwMDAwMDAwMH19",
          "dependencies": [
            "google_compute_network.vpc",
            "google_compute_router.router",
            "module.cloud-nat.google_compute_router.router",
            "module.cloud-nat.random_string.name_suffix"
          ]
        }
      ]
    },
    {
      "module": "module.cloud-nat",
      "mode": "managed",
      "type": "random_string",
      "name": "name_suffix",
      "provider": "provider[\"registry.terraform.io/hashicorp/random\"]",
      "instances": [
        {
          "schema_version": 2,
          "attributes": {
            "id": "hdqm6d",
            "keepers": null,
            "length": 6,
            "lower": true,
            "min_lower": 0,
            "min_numeric": 0,
            "min_special": 0,
            "min_upper": 0,
            "number": true,
            "numeric": true,
            "override_special": null,
            "result": "hdqm6d",
            "special": false,
            "upper": false
          },
          "sensitive_attributes": []
        }
      ]
    },
    {
      "module": "module.ingress-nginx",
      "mode": "data",
      "type": "kubernetes_service",
      "name": "nginx_ingress_controller",
      "provider": "provider[\"registry.terraform.io/hashicorp/kubernetes\"]",
      "instances": []
    },
    {
      "module": "module.ingress-nginx",
      "mode": "managed",
      "type": "helm_release",
      "name": "nginx_ingress",
      "provider": "provider[\"registry.terraform.io/hashicorp/helm\"]",
      "instances": []
    }
  ],
  "check_results": null
}
